
// !$*UTF8*$!
{
	archiveVersion = 1;
	classes = {
	};
	objectVersion = 50;
	objects = {

/* Begin PBXBuildFile section */
		FF73632B20A380220033E9AB /* Blockchain.swift in Sources */ = {isa = PBXBuildFile; fileRef = FF73632A20A380220033E9AB /* Blockchain.swift */; };
		FF73633120A384D40033E9AB /* BlockchainManager.swift in Sources */ = {isa = PBXBuildFile; fileRef = FF73633020A384D40033E9AB /* BlockchainManager.swift */; };
		FFDD001820A34C6000C5AA26 /* AppDelegate.swift in Sources */ = {isa = PBXBuildFile; fileRef = FFDD001720A34C6000C5AA26 /* AppDelegate.swift */; };
		FFDD001A20A34C6000C5AA26 /* ViewController.swift in Sources */ = {isa = PBXBuildFile; fileRef = FFDD001920A34C6000C5AA26 /* ViewController.swift */; };
		FFDD001D20A34C6000C5AA26 /* Main.storyboard in Resources */ = {isa = PBXBuildFile; fileRef = FFDD001B20A34C6000C5AA26 /* Main.storyboard */; };
		FFDD001F20A34C6200C5AA26 /* Assets.xcassets in Resources */ = {isa = PBXBuildFile; fileRef = FFDD001E20A34C6200C5AA26 /* Assets.xcassets */; };
		FFDD002220A34C6200C5AA26 /* LaunchScreen.storyboard in Resources */ = {isa = PBXBuildFile; fileRef = FFDD002020A34C6200C5AA26 /* LaunchScreen.storyboard */; };
		FFDD002B20A34C7900C5AA26 /* Block.swift in Sources */ = {isa = PBXBuildFile; fileRef = FFDD002A20A34C7900C5AA26 /* Block.swift */; };
		FFDD002D20A35F8B00C5AA26 /* Data+Extension.swift in Sources */ = {isa = PBXBuildFile; fileRef = FFDD002C20A35F8B00C5AA26 /* Data+Extension.swift */; };
		FFDD002F20A35FA400C5AA26 /* Transaction.swift in Sources */ = {isa = PBXBuildFile; fileRef = FFDD002E20A35FA400C5AA26 /* Transaction.swift */; };
/* End PBXBuildFile section */

/* Begin PBXFileReference section */
		FF73632920A37F760033E9AB /* BlockchainSwift-Bridging-Header.h */ = {isa = PBXFileReference; fileEncoding = 4; lastKnownFileType = sourcecode.c.h; path = "BlockchainSwift-Bridging-Header.h"; sourceTree = "<group>"; };
		FF73632A20A380220033E9AB /* Blockchain.swift */ = {isa = PBXFileReference; lastKnownFileType = sourcecode.swift; path = Blockchain.swift; sourceTree = "<group>"; };
		FF73633020A384D40033E9AB /* BlockchainManager.swift */ = {isa = PBXFileReference; lastKnownFileType = sourcecode.swift; path = BlockchainManager.swift; sourceTree = "<group>"; };
		FFDD001420A34C6000C5AA26 /* BlockchainSwift.app */ = {isa = PBXFileReference; explicitFileType = wrapper.application; includeInIndex = 0; path = BlockchainSwift.app; sourceTree = BUILT_PRODUCTS_DIR; };
		FFDD001720A34C6000C5AA26 /* AppDelegate.swift */ = {isa = PBXFileReference; lastKnownFileType = sourcecode.swift; path = AppDelegate.swift; sourceTree = "<group>"; };
		FFDD001920A34C6000C5AA26 /* ViewController.swift */ = {isa = PBXFileReference; lastKnownFileType = sourcecode.swift; path = ViewController.swift; sourceTree = "<group>"; };
		FFDD001C20A34C6000C5AA26 /* Base */ = {isa = PBXFileReference; lastKnownFileType = file.storyboard; name = Base; path = Base.lproj/Main.storyboard; sourceTree = "<group>"; };
		FFDD001E20A34C6200C5AA26 /* Assets.xcassets */ = {isa = PBXFileReference; lastKnownFileType = folder.assetcatalog; path = Assets.xcassets; sourceTree = "<group>"; };
		FFDD002120A34C6200C5AA26 /* Base */ = {isa = PBXFileReference; lastKnownFileType = file.storyboard; name = Base; path = Base.lproj/LaunchScreen.storyboard; sourceTree = "<group>"; };
		FFDD002320A34C6200C5AA26 /* Info.plist */ = {isa = PBXFileReference; lastKnownFileType = text.plist.xml; path = Info.plist; sourceTree = "<group>"; };
		FFDD002A20A34C7900C5AA26 /* Block.swift */ = {isa = PBXFileReference; lastKnownFileType = sourcecode.swift; path = Block.swift; sourceTree = "<group>"; };
		FFDD002C20A35F8B00C5AA26 /* Data+Extension.swift */ = {isa = PBXFileReference; lastKnownFileType = sourcecode.swift; path = "Data+Extension.swift"; sourceTree = "<group>"; };
		FFDD002E20A35FA400C5AA26 /* Transaction.swift */ = {isa = PBXFileReference; lastKnownFileType = sourcecode.swift; path = Transaction.swift; sourceTree = "<group>"; };
/* End PBXFileReference section */

/* Begin PBXFrameworksBuildPhase section */
		FFDD001120A34C6000C5AA26 /* Frameworks */ = {
			isa = PBXFrameworksBuildPhase;
			buildActionMask = 2147483647;
			files = (
			);
			runOnlyForDeploymentPostprocessing = 0;
		};
/* End PBXFrameworksBuildPhase section */

/* Begin PBXGroup section */
		FF73632C20A381D60033E9AB /* Application Delegate */ = {
			isa = PBXGroup;
			children = (
				FFDD001720A34C6000C5AA26 /* AppDelegate.swift */,
			);
			path = "Application Delegate";
			sourceTree = "<group>";
		};
		FF73632D20A381DF0033E9AB /* View Controllers */ = {
			isa = PBXGroup;
			children = (
				FFDD001920A34C6000C5AA26 /* ViewController.swift */,
			);
			path = "View Controllers";
			sourceTree = "<group>";
		};
		FF73632E20A381EC0033E9AB /* UI */ = {
			isa = PBXGroup;
			children = (
				FFDD001B20A34C6000C5AA26 /* Main.storyboard */,
				FFDD001E20A34C6200C5AA26 /* Assets.xcassets */,
				FFDD002020A34C6200C5AA26 /* LaunchScreen.storyboard */,
			);
			path = UI;
			sourceTree = "<group>";
		};
		FF73632F20A381F10033E9AB /* Other */ = {
			isa = PBXGroup;
			children = (
				FFDD002320A34C6200C5AA26 /* Info.plist */,
				FFDD002C20A35F8B00C5AA26 /* Data+Extension.swift */,
				FF73632920A37F760033E9AB /* BlockchainSwift-Bridging-Header.h */,
			);
			path = Other;
			sourceTree = "<group>";
		};
		FFDD000B20A34C6000C5AA26 = {
			isa = PBXGroup;
			children = (
				FFDD001620A34C6000C5AA26 /* BlockchainSwift */,
				FFDD001520A34C6000C5AA26 /* Products */,
			);
			sourceTree = "<group>";
		};
		FFDD001520A34C6000C5AA26 /* Products */ = {
			isa = PBXGroup;
			children = (
				FFDD001420A34C6000C5AA26 /* BlockchainSwift.app */,
			);
			name = Products;
			sourceTree = "<group>";
		};
		FFDD001620A34C6000C5AA26 /* BlockchainSwift */ = {
			isa = PBXGroup;
			children = (
				FF73632C20A381D60033E9AB /* Application Delegate */,
				FF73633020A384D40033E9AB /* BlockchainManager.swift */,
				FF73632D20A381DF0033E9AB /* View Controllers */,
				FFDD002920A34C6E00C5AA26 /* Models */,
				FF73632E20A381EC0033E9AB /* UI */,
				FF73632F20A381F10033E9AB /* Other */,
			);
			path = BlockchainSwift;
			sourceTree = "<group>";
		};
		FFDD002920A34C6E00C5AA26 /* Models */ = {
			isa = PBXGroup;
			children = (
				FFDD002A20A34C7900C5AA26 /* Block.swift */,
				FFDD002E20A35FA400C5AA26 /* Transaction.swift */,
				FF73632A20A380220033E9AB /* Blockchain.swift */,
			);
			path = Models;
			sourceTree = "<group>";
		};
/* End PBXGroup section */

/* Begin PBXNativeTarget section */
		FFDD001320A34C6000C5AA26 /* BlockchainSwift */ = {
			isa = PBXNativeTarget;
			buildConfigurationList = FFDD002620A34C6200C5AA26 /* Build configuration list for PBXNativeTarget "BlockchainSwift" */;
			buildPhases = (
				FFDD001020A34C6000C5AA26 /* Sources */,
				FFDD001120A34C6000C5AA26 /* Frameworks */,
				FFDD001220A34C6000C5AA26 /* Resources */,
			);
			buildRules = (
			);
			dependencies = (
			);
			name = BlockchainSwift;
			productName = BlockchainSwift;
			productReference = FFDD001420A34C6000C5AA26 /* BlockchainSwift.app */;
			productType = "com.apple.product-type.application";
		};
/* End PBXNativeTarget section */

/* Begin PBXProject section */
		FFDD000C20A34C6000C5AA26 /* Project object */ = {